
Microsoft Visual Studio Solution File, Format Version 12.00
# Visual Studio Version 17
VisualStudioVersion = 17.9.34728.123
MinimumVisualStudioVersion = 10.0.40219.1
Project("{2150E333-8FDC-42A3-9474-1A3956D46DE8}") = "Services", "Services", "{F39685E6-D6A8-4889-A52B-8F2A946F6DF4}"
EndProject
Project("{2150E333-8FDC-42A3-9474-1A3956D46DE8}") = "Catalog", "Catalog", "{E670EC80-62FB-416E-9177-8026E16CB835}"
EndProject
Project("{FAE04EC0-301F-11D3-BF4B-00C04F79EFBC}") = "Catalog.API", "Services\Catalog\Catalog.API\Catalog.API.csproj", "{1908E4AC-9B5C-4B5A-A4C0-EE666FEC9A0D}"
EndProject
Global
	GlobalSection(SolutionConfigurationPlatforms) = preSolution
		Debug|Any CPU = Debug|Any CPU
		Release|Any CPU = Release|Any CPU
	EndGlobalSection
	GlobalSection(ProjectConfigurationPlatforms) = postSolution
		{1908E4AC-9B5C-4B5A-A4C0-EE666FEC9A0D}.Debug|Any CPU.ActiveCfg = Debug|Any CPU
		{1908E4AC-9B5C-4B5A-A4C0-EE666FEC9A0D}.Debug|Any CPU.Build.0 = Debug|Any CPU
		{1908E4AC-9B5C-4B5A-A4C0-EE666FEC9A0D}.Release|Any CPU.ActiveCfg = Release|Any CPU
		{1908E4AC-9B5C-4B5A-A4C0-EE666FEC9A0D}.Release|Any CPU.Build.0 = Release|Any CPU
	EndGlobalSection
	GlobalSection(SolutionProperties) = preSolution
		HideSolutionNode = FALSE
	EndGlobalSection
	GlobalSection(NestedProjects) = preSolution
		{E670EC80-62FB-416E-9177-8026E16CB835} = {F39685E6-D6A8-4889-A52B-8F2A946F6DF4}
		{1908E4AC-9B5C-4B5A-A4C0-EE666FEC9A0D} = {E670EC80-62FB-416E-9177-8026E16CB835}
	EndGlobalSection
	GlobalSection(ExtensibilityGlobals) = postSolution
		SolutionGuid = {885AD452-D9F5-43B0-BF90-DF4DEC55340F}
	EndGlobalSection
EndGlobal
